
Microsoft Visual Studio Solution File, Format Version 12.00
# Visual Studio 15
VisualStudioVersion = 15.0.26730.15
MinimumVisualStudioVersion = 10.0.40219.1
Project("{FAE04EC0-301F-11D3-BF4B-00C04F79EFBC}") = "sim756.Piranha.PiranhaSearch", "sim756.Piranha.PiranhaSearch\sim756.Piranha.PiranhaSearch.csproj", "{DD2E4245-FDD2-4DEF-81F4-1860EF39514B}"
EndProject
Global
	GlobalSection(SolutionConfigurationPlatforms) = preSolution
		Debug|Any CPU = Debug|Any CPU
		Release|Any CPU = Release|Any CPU
	EndGlobalSection
	GlobalSection(ProjectConfigurationPlatforms) = postSolution
		{DD2E4245-FDD2-4DEF-81F4-1860EF39514B}.Debug|Any CPU.ActiveCfg = Debug|Any CPU
		{DD2E4245-FDD2-4DEF-81F4-1860EF39514B}.Debug|Any CPU.Build.0 = Debug|Any CPU
		{DD2E4245-FDD2-4DEF-81F4-1860EF39514B}.Release|Any CPU.ActiveCfg = Release|Any CPU
		{DD2E4245-FDD2-4DEF-81F4-1860EF39514B}.Release|Any CPU.Build.0 = Release|Any CPU
	EndGlobalSection
	GlobalSection(SolutionProperties) = preSolution
		HideSolutionNode = FALSE
	EndGlobalSection
	GlobalSection(ExtensibilityGlobals) = postSolution
		SolutionGuid = {B9E1E82B-D115-4ADA-B218-C1F9A171E4D8}
	EndGlobalSection
EndGlobal
